// !$*UTF8*$!
{
	archiveVersion = 1;
	classes = {
	};
	objectVersion = 48;
	objects = {

/* Begin PBXBuildFile section */
		403F59A440E686EE23316047 /* Pods_Walmart_iOS.framework in Frameworks */ = {isa = PBXBuildFile; fileRef = 9482747988AAA24E6F1715C4 /* Pods_Walmart_iOS.framework */; };
		5A0D615A1F584CD6821F40F7 /* Pods_Walmart_iOSUITests.framework in Frameworks */ = {isa = PBXBuildFile; fileRef = 219F974FFE94691C34C68F02 /* Pods_Walmart_iOSUITests.framework */; };
		B089963D14BDEAF3B198F694 /* Pods_Walmart_iOSTests.framework in Frameworks */ = {isa = PBXBuildFile; fileRef = B1FE38595D2B48536AF13F3E /* Pods_Walmart_iOSTests.framework */; };
		EB3D320220635CA600B2DB2D /* UIView+Ext.swift in Sources */ = {isa = PBXBuildFile; fileRef = EB3D320120635CA600B2DB2D /* UIView+Ext.swift */; };
		EB3D32052063674800B2DB2D /* HeaderCell.swift in Sources */ = {isa = PBXBuildFile; fileRef = EB3D32032063674800B2DB2D /* HeaderCell.swift */; };
		EB3D32062063674800B2DB2D /* HeaderCell.xib in Resources */ = {isa = PBXBuildFile; fileRef = EB3D32042063674800B2DB2D /* HeaderCell.xib */; };
		EB3D320B20636B5F00B2DB2D /* FooterCell.swift in Sources */ = {isa = PBXBuildFile; fileRef = EB3D320920636B5F00B2DB2D /* FooterCell.swift */; };
		EB3D320C20636B5F00B2DB2D /* FooterCell.xib in Resources */ = {isa = PBXBuildFile; fileRef = EB3D320A20636B5F00B2DB2D /* FooterCell.xib */; };
		EB5B3D2820578A59007FABC3 /* ProductViewController.swift in Sources */ = {isa = PBXBuildFile; fileRef = EB5B3D2720578A59007FABC3 /* ProductViewController.swift */; };
		EB5B3D2D20578AA6007FABC3 /* ProductCell.swift in Sources */ = {isa = PBXBuildFile; fileRef = EB5B3D2B20578AA6007FABC3 /* ProductCell.swift */; };
		EB5B3D2E20578AA6007FABC3 /* ProductCell.xib in Resources */ = {isa = PBXBuildFile; fileRef = EB5B3D2C20578AA6007FABC3 /* ProductCell.xib */; };
		EB5B3D312057923F007FABC3 /* StubResponse.swift in Sources */ = {isa = PBXBuildFile; fileRef = EB5B3D302057923F007FABC3 /* StubResponse.swift */; };
		EB5B3D3320579278007FABC3 /* products.json in Resources */ = {isa = PBXBuildFile; fileRef = EB5B3D3220579278007FABC3 /* products.json */; };
		EB5B3D3520579368007FABC3 /* Product.swift in Sources */ = {isa = PBXBuildFile; fileRef = EB5B3D3420579368007FABC3 /* Product.swift */; };
		EB5B3D3720579517007FABC3 /* ProductResponse.swift in Sources */ = {isa = PBXBuildFile; fileRef = EB5B3D3620579517007FABC3 /* ProductResponse.swift */; };
		EB5B3D3A20579DFA007FABC3 /* ThankViewController.swift in Sources */ = {isa = PBXBuildFile; fileRef = EB5B3D3920579DFA007FABC3 /* ThankViewController.swift */; };
		EB5B3D3D20579E65007FABC3 /* CartViewController.swift in Sources */ = {isa = PBXBuildFile; fileRef = EB5B3D3C20579E65007FABC3 /* CartViewController.swift */; };
		EB5B3D4020579EDF007FABC3 /* CheckoutViewController.swift in Sources */ = {isa = PBXBuildFile; fileRef = EB5B3D3F20579EDF007FABC3 /* CheckoutViewController.swift */; };
		EB5B3D442057C03F007FABC3 /* CartCell.swift in Sources */ = {isa = PBXBuildFile; fileRef = EB5B3D422057C03F007FABC3 /* CartCell.swift */; };
		EB5B3D452057C03F007FABC3 /* CartCell.xib in Resources */ = {isa = PBXBuildFile; fileRef = EB5B3D432057C03F007FABC3 /* CartCell.xib */; };
		EB5B3D47205839AD007FABC3 /* ProductNavigationController.swift in Sources */ = {isa = PBXBuildFile; fileRef = EB5B3D46205839AD007FABC3 /* ProductNavigationController.swift */; };
		EBDD964020578815009E33C5 /* AppDelegate.swift in Sources */ = {isa = PBXBuildFile; fileRef = EBDD963F20578815009E33C5 /* AppDelegate.swift */; };
		EBDD964520578815009E33C5 /* Main.storyboard in Resources */ = {isa = PBXBuildFile; fileRef = EBDD964320578815009E33C5 /* Main.storyboard */; };
		EBDD964820578815009E33C5 /* Walmart_iOS.xcdatamodeld in Sources */ = {isa = PBXBuildFile; fileRef = EBDD964620578815009E33C5 /* Walmart_iOS.xcdatamodeld */; };
		EBDD964A20578815009E33C5 /* Assets.xcassets in Resources */ = {isa = PBXBuildFile; fileRef = EBDD964920578815009E33C5 /* Assets.xcassets */; };
		EBDD964D20578815009E33C5 /* LaunchScreen.storyboard in Resources */ = {isa = PBXBuildFile; fileRef = EBDD964B20578815009E33C5 /* LaunchScreen.storyboard */; };
		EBDD965820578816009E33C5 /* Walmart_iOSTests.swift in Sources */ = {isa = PBXBuildFile; fileRef = EBDD965720578816009E33C5 /* Walmart_iOSTests.swift */; };
		EBDD966320578816009E33C5 /* Walmart_iOSUITests.swift in Sources */ = {isa = PBXBuildFile; fileRef = EBDD966220578816009E33C5 /* Walmart_iOSUITests.swift */; };
/* End PBXBuildFile section */

/* Begin PBXContainerItemProxy section */
		EBDD965420578816009E33C5 /* PBXContainerItemProxy */ = {
			isa = PBXContainerItemProxy;
			containerPortal = EBDD963420578815009E33C5 /* Project object */;
			proxyType = 1;
			remoteGlobalIDString = EBDD963B20578815009E33C5;
			remoteInfo = "Walmart-iOS";
		};
		EBDD965F20578816009E33C5 /* PBXContainerItemProxy */ = {
			isa = PBXContainerItemProxy;
			containerPortal = EBDD963420578815009E33C5 /* Project object */;
			proxyType = 1;
			remoteGlobalIDString = EBDD963B20578815009E33C5;
			remoteInfo = "Walmart-iOS";
		};
/* End PBXContainerItemProxy section */

/* Begin PBXFileReference section */
		15335C781AB61EFE139A6EDE /* Pods-Walmart-iOSTests.debug.xcconfig */ = {isa = PBXFileReference; includeInIndex = 1; lastKnownFileType = text.xcconfig; name = "Pods-Walmart-iOSTests.debug.xcconfig"; path = "Pods/Target Support Files/Pods-Walmart-iOSTests/Pods-Walmart-iOSTests.debug.xcconfig"; sourceTree = "<group>"; };
		219F974FFE94691C34C68F02 /* Pods_Walmart_iOSUITests.framework */ = {isa = PBXFileReference; explicitFileType = wrapper.framework; includeInIndex = 0; path = Pods_Walmart_iOSUITests.framework; sourceTree = BUILT_PRODUCTS_DIR; };
		62CAD06B59016705961CCFC6 /* Pods-Walmart-iOSTests.release.xcconfig */ = {isa = PBXFileReference; includeInIndex = 1; lastKnownFileType = text.xcconfig; name = "Pods-Walmart-iOSTests.release.xcconfig"; path = "Pods/Target Support Files/Pods-Walmart-iOSTests/Pods-Walmart-iOSTests.release.xcconfig"; sourceTree = "<group>"; };
		9482747988AAA24E6F1715C4 /* Pods_Walmart_iOS.framework */ = {isa = PBXFileReference; explicitFileType = wrapper.framework; includeInIndex = 0; path = Pods_Walmart_iOS.framework; sourceTree = BUILT_PRODUCTS_DIR; };
		B1FE38595D2B48536AF13F3E /* Pods_Walmart_iOSTests.framework */ = {isa = PBXFileReference; explicitFileType = wrapper.framework; includeInIndex = 0; path = Pods_Walmart_iOSTests.framework; sourceTree = BUILT_PRODUCTS_DIR; };
		D64AD5BD374331795E9A911E /* Pods-Walmart-iOSUITests.release.xcconfig */ = {isa = PBXFileReference; includeInIndex = 1; lastKnownFileType = text.xcconfig; name = "Pods-Walmart-iOSUITests.release.xcconfig"; path = "Pods/Target Support Files/Pods-Walmart-iOSUITests/Pods-Walmart-iOSUITests.release.xcconfig"; sourceTree = "<group>"; };
		E1BFF0043670457695B19E9B /* Pods-Walmart-iOS.debug.xcconfig */ = {isa = PBXFileReference; includeInIndex = 1; lastKnownFileType = text.xcconfig; name = "Pods-Walmart-iOS.debug.xcconfig"; path = "Pods/Target Support Files/Pods-Walmart-iOS/Pods-Walmart-iOS.debug.xcconfig"; sourceTree = "<group>"; };
		E5FA39AA0246D5E75451CCDA /* Pods-Walmart-iOSUITests.debug.xcconfig */ = {isa = PBXFileReference; includeInIndex = 1; lastKnownFileType = text.xcconfig; name = "Pods-Walmart-iOSUITests.debug.xcconfig"; path = "Pods/Target Support Files/Pods-Walmart-iOSUITests/Pods-Walmart-iOSUITests.debug.xcconfig"; sourceTree = "<group>"; };
		EB3D320120635CA600B2DB2D /* UIView+Ext.swift */ = {isa = PBXFileReference; lastKnownFileType = sourcecode.swift; path = "UIView+Ext.swift"; sourceTree = "<group>"; };
		EB3D32032063674800B2DB2D /* HeaderCell.swift */ = {isa = PBXFileReference; lastKnownFileType = sourcecode.swift; path = HeaderCell.swift; sourceTree = "<group>"; };
		EB3D32042063674800B2DB2D /* HeaderCell.xib */ = {isa = PBXFileReference; lastKnownFileType = file.xib; path = HeaderCell.xib; sourceTree = "<group>"; };
		EB3D320920636B5F00B2DB2D /* FooterCell.swift */ = {isa = PBXFileReference; lastKnownFileType = sourcecode.swift; path = FooterCell.swift; sourceTree = "<group>"; };
		EB3D320A20636B5F00B2DB2D /* FooterCell.xib */ = {isa = PBXFileReference; lastKnownFileType = file.xib; path = FooterCell.xib; sourceTree = "<group>"; };
		EB5B3D2720578A59007FABC3 /* ProductViewController.swift */ = {isa = PBXFileReference; lastKnownFileType = sourcecode.swift; path = ProductViewController.swift; sourceTree = "<group>"; };
		EB5B3D2B20578AA6007FABC3 /* ProductCell.swift */ = {isa = PBXFileReference; lastKnownFileType = sourcecode.swift; path = ProductCell.swift; sourceTree = "<group>"; };
		EB5B3D2C20578AA6007FABC3 /* ProductCell.xib */ = {isa = PBXFileReference; lastKnownFileType = file.xib; path = ProductCell.xib; sourceTree = "<group>"; };
		EB5B3D302057923F007FABC3 /* StubResponse.swift */ = {isa = PBXFileReference; lastKnownFileType = sourcecode.swift; path = StubResponse.swift; sourceTree = "<group>"; };
		EB5B3D3220579278007FABC3 /* products.json */ = {isa = PBXFileReference; fileEncoding = 4; lastKnownFileType = text.json; path = products.json; sourceTree = "<group>"; };
		EB5B3D3420579368007FABC3 /* Product.swift */ = {isa = PBXFileReference; lastKnownFileType = sourcecode.swift; path = Product.swift; sourceTree = "<group>"; };
		EB5B3D3620579517007FABC3 /* ProductResponse.swift */ = {isa = PBXFileReference; lastKnownFileType = sourcecode.swift; path = ProductResponse.swift; sourceTree = "<group>"; };
		EB5B3D3920579DFA007FABC3 /* ThankViewController.swift */ = {isa = PBXFileReference; lastKnownFileType = sourcecode.swift; path = ThankViewController.swift; sourceTree = "<group>"; };
		EB5B3D3C20579E65007FABC3 /* CartViewController.swift */ = {isa = PBXFileReference; lastKnownFileType = sourcecode.swift; path = CartViewController.swift; sourceTree = "<group>"; };
		EB5B3D3F20579EDF007FABC3 /* CheckoutViewController.swift */ = {isa = PBXFileReference; lastKnownFileType = sourcecode.swift; path = CheckoutViewController.swift; sourceTree = "<group>"; };
		EB5B3D422057C03F007FABC3 /* CartCell.swift */ = {isa = PBXFileReference; lastKnownFileType = sourcecode.swift; path = CartCell.swift; sourceTree = "<group>"; };
		EB5B3D432057C03F007FABC3 /* CartCell.xib */ = {isa = PBXFileReference; lastKnownFileType = file.xib; path = CartCell.xib; sourceTree = "<group>"; };
		EB5B3D46205839AD007FABC3 /* ProductNavigationController.swift */ = {isa = PBXFileReference; lastKnownFileType = sourcecode.swift; path = ProductNavigationController.swift; sourceTree = "<group>"; };
		EBDD963C20578815009E33C5 /* Walmart-iOS.app */ = {isa = PBXFileReference; explicitFileType = wrapper.application; includeInIndex = 0; path = "Walmart-iOS.app"; sourceTree = BUILT_PRODUCTS_DIR; };
		EBDD963F20578815009E33C5 /* AppDelegate.swift */ = {isa = PBXFileReference; lastKnownFileType = sourcecode.swift; path = AppDelegate.swift; sourceTree = "<group>"; };
		EBDD964420578815009E33C5 /* Base */ = {isa = PBXFileReference; lastKnownFileType = file.storyboard; name = Base; path = Base.lproj/Main.storyboard; sourceTree = "<group>"; };
		EBDD964720578815009E33C5 /* Walmart_iOS.xcdatamodel */ = {isa = PBXFileReference; lastKnownFileType = wrapper.xcdatamodel; path = Walmart_iOS.xcdatamodel; sourceTree = "<group>"; };
		EBDD964920578815009E33C5 /* Assets.xcassets */ = {isa = PBXFileReference; lastKnownFileType = folder.assetcatalog; path = Assets.xcassets; sourceTree = "<group>"; };
		EBDD964C20578815009E33C5 /* Base */ = {isa = PBXFileReference; lastKnownFileType = file.storyboard; name = Base; path = Base.lproj/LaunchScreen.storyboard; sourceTree = "<group>"; };
		EBDD964E20578815009E33C5 /* Info.plist */ = {isa = PBXFileReference; lastKnownFileType = text.plist.xml; path = Info.plist; sourceTree = "<group>"; };
		EBDD965320578816009E33C5 /* Walmart-iOSTests.xctest */ = {isa = PBXFileReference; explicitFileType = wrapper.cfbundle; includeInIndex = 0; path = "Walmart-iOSTests.xctest"; sourceTree = BUILT_PRODUCTS_DIR; };
		EBDD965720578816009E33C5 /* Walmart_iOSTests.swift */ = {isa = PBXFileReference; lastKnownFileType = sourcecode.swift; path = Walmart_iOSTests.swift; sourceTree = "<group>"; };
		EBDD965920578816009E33C5 /* Info.plist */ = {isa = PBXFileReference; lastKnownFileType = text.plist.xml; path = Info.plist; sourceTree = "<group>"; };
		EBDD965E20578816009E33C5 /* Walmart-iOSUITests.xctest */ = {isa = PBXFileReference; explicitFileType = wrapper.cfbundle; includeInIndex = 0; path = "Walmart-iOSUITests.xctest"; sourceTree = BUILT_PRODUCTS_DIR; };
		EBDD966220578816009E33C5 /* Walmart_iOSUITests.swift */ = {isa = PBXFileReference; lastKnownFileType = sourcecode.swift; path = Walmart_iOSUITests.swift; sourceTree = "<group>"; };
		EBDD966420578816009E33C5 /* Info.plist */ = {isa = PBXFileReference; lastKnownFileType = text.plist.xml; path = Info.plist; sourceTree = "<group>"; };
		F8760BE5E2020F684ECAB1C6 /* Pods-Walmart-iOS.release.xcconfig */ = {isa = PBXFileReference; includeInIndex = 1; lastKnownFileType = text.xcconfig; name = "Pods-Walmart-iOS.release.xcconfig"; path = "Pods/Target Support Files/Pods-Walmart-iOS/Pods-Walmart-iOS.release.xcconfig"; sourceTree = "<group>"; };
/* End PBXFileReference section */

/* Begin PBXFrameworksBuildPhase section */
		EBDD963920578815009E33C5 /* Frameworks */ = {
			isa = PBXFrameworksBuildPhase;
			buildActionMask = 2147483647;
			files = (
				403F59A440E686EE23316047 /* Pods_Walmart_iOS.framework in Frameworks */,
			);
			runOnlyForDeploymentPostprocessing = 0;
		};
		EBDD965020578816009E33C5 /* Frameworks */ = {
			isa = PBXFrameworksBuildPhase;
			buildActionMask = 2147483647;
			files = (
				B089963D14BDEAF3B198F694 /* Pods_Walmart_iOSTests.framework in Frameworks */,
			);
			runOnlyForDeploymentPostprocessing = 0;
		};
		EBDD965B20578816009E33C5 /* Frameworks */ = {
			isa = PBXFrameworksBuildPhase;
			buildActionMask = 2147483647;
			files = (
				5A0D615A1F584CD6821F40F7 /* Pods_Walmart_iOSUITests.framework in Frameworks */,
			);
			runOnlyForDeploymentPostprocessing = 0;
		};
/* End PBXFrameworksBuildPhase section */

/* Begin PBXGroup section */
		430EADEE54A9CA50B44566E3 /* Pods */ = {
			isa = PBXGroup;
			children = (
				E1BFF0043670457695B19E9B /* Pods-Walmart-iOS.debug.xcconfig */,
				F8760BE5E2020F684ECAB1C6 /* Pods-Walmart-iOS.release.xcconfig */,
				15335C781AB61EFE139A6EDE /* Pods-Walmart-iOSTests.debug.xcconfig */,
				62CAD06B59016705961CCFC6 /* Pods-Walmart-iOSTests.release.xcconfig */,
				E5FA39AA0246D5E75451CCDA /* Pods-Walmart-iOSUITests.debug.xcconfig */,
				D64AD5BD374331795E9A911E /* Pods-Walmart-iOSUITests.release.xcconfig */,
			);
			name = Pods;
			sourceTree = "<group>";
		};
		621667C00A5261E848458880 /* Frameworks */ = {
			isa = PBXGroup;
			children = (
				9482747988AAA24E6F1715C4 /* Pods_Walmart_iOS.framework */,
				B1FE38595D2B48536AF13F3E /* Pods_Walmart_iOSTests.framework */,
				219F974FFE94691C34C68F02 /* Pods_Walmart_iOSUITests.framework */,
			);
			name = Frameworks;
			sourceTree = "<group>";
		};
		EB3D31FE20635C2A00B2DB2D /* Extensions */ = {
			isa = PBXGroup;
			children = (
				EB3D320120635CA600B2DB2D /* UIView+Ext.swift */,
			);
			path = Extensions;
			sourceTree = "<group>";
		};
		EB5B3D24205789C5007FABC3 /* Resources */ = {
			isa = PBXGroup;
			children = (
				EB5B3D3220579278007FABC3 /* products.json */,
			);
			path = Resources;
			sourceTree = "<group>";
		};
		EB5B3D25205789CF007FABC3 /* Model */ = {
			isa = PBXGroup;
			children = (
				EB5B3D3420579368007FABC3 /* Product.swift */,
				EB5B3D3620579517007FABC3 /* ProductResponse.swift */,
			);
			path = Model;
			sourceTree = "<group>";
		};
		EB5B3D26205789D7007FABC3 /* Features */ = {
			isa = PBXGroup;
			children = (
				EB5B3D3E20579EC1007FABC3 /* Checkout */,
				EB5B3D3B20579E58007FABC3 /* Cart */,
				EB5B3D3820579DDE007FABC3 /* Thank */,
				EB5B3D2920578A80007FABC3 /* Product */,
			);
			path = Features;
			sourceTree = "<group>";
		};
		EB5B3D2920578A80007FABC3 /* Product */ = {
			isa = PBXGroup;
			children = (
				EB5B3D2A20578A8A007FABC3 /* Cell */,
				EB5B3D2720578A59007FABC3 /* ProductViewController.swift */,
				EB5B3D46205839AD007FABC3 /* ProductNavigationController.swift */,
			);
			path = Product;
			sourceTree = "<group>";
		};
		EB5B3D2A20578A8A007FABC3 /* Cell */ = {
			isa = PBXGroup;
			children = (
				EB5B3D2B20578AA6007FABC3 /* ProductCell.swift */,
				EB5B3D2C20578AA6007FABC3 /* ProductCell.xib */,
			);
			path = Cell;
			sourceTree = "<group>";
		};
		EB5B3D2F2057920F007FABC3 /* Utils */ = {
			isa = PBXGroup;
			children = (
				EB3D31FE20635C2A00B2DB2D /* Extensions */,
				EB5B3D302057923F007FABC3 /* StubResponse.swift */,
			);
			path = Utils;
			sourceTree = "<group>";
		};
		EB5B3D3820579DDE007FABC3 /* Thank */ = {
			isa = PBXGroup;
			children = (
				EB5B3D3920579DFA007FABC3 /* ThankViewController.swift */,
			);
			path = Thank;
			sourceTree = "<group>";
		};
		EB5B3D3B20579E58007FABC3 /* Cart */ = {
			isa = PBXGroup;
			children = (
				EB5B3D412057C00C007FABC3 /* Cell */,
				EB5B3D3C20579E65007FABC3 /* CartViewController.swift */,
			);
			path = Cart;
			sourceTree = "<group>";
		};
		EB5B3D3E20579EC1007FABC3 /* Checkout */ = {
			isa = PBXGroup;
			children = (
				EB5B3D3F20579EDF007FABC3 /* CheckoutViewController.swift */,
			);
			path = Checkout;
			sourceTree = "<group>";
		};
		EB5B3D412057C00C007FABC3 /* Cell */ = {
			isa = PBXGroup;
			children = (
				EB5B3D422057C03F007FABC3 /* CartCell.swift */,
				EB5B3D432057C03F007FABC3 /* CartCell.xib */,
				EB3D32032063674800B2DB2D /* HeaderCell.swift */,
				EB3D32042063674800B2DB2D /* HeaderCell.xib */,
				EB3D320920636B5F00B2DB2D /* FooterCell.swift */,
				EB3D320A20636B5F00B2DB2D /* FooterCell.xib */,
			);
			path = Cell;
			sourceTree = "<group>";
		};
		EBDD963320578815009E33C5 = {
			isa = PBXGroup;
			children = (
				EBDD963E20578815009E33C5 /* Walmart-iOS */,
				EBDD965620578816009E33C5 /* Walmart-iOSTests */,
				EBDD966120578816009E33C5 /* Walmart-iOSUITests */,
				EBDD963D20578815009E33C5 /* Products */,
				430EADEE54A9CA50B44566E3 /* Pods */,
				621667C00A5261E848458880 /* Frameworks */,
			);
			sourceTree = "<group>";
		};
		EBDD963D20578815009E33C5 /* Products */ = {
			isa = PBXGroup;
			children = (
				EBDD963C20578815009E33C5 /* Walmart-iOS.app */,
				EBDD965320578816009E33C5 /* Walmart-iOSTests.xctest */,
				EBDD965E20578816009E33C5 /* Walmart-iOSUITests.xctest */,
			);
			name = Products;
			sourceTree = "<group>";
		};
		EBDD963E20578815009E33C5 /* Walmart-iOS */ = {
			isa = PBXGroup;
			children = (
				EB5B3D2F2057920F007FABC3 /* Utils */,
				EB5B3D26205789D7007FABC3 /* Features */,
				EB5B3D25205789CF007FABC3 /* Model */,
				EB5B3D24205789C5007FABC3 /* Resources */,
				EBDD963F20578815009E33C5 /* AppDelegate.swift */,
				EBDD964320578815009E33C5 /* Main.storyboard */,
				EBDD964920578815009E33C5 /* Assets.xcassets */,
				EBDD964B20578815009E33C5 /* LaunchScreen.storyboard */,
				EBDD964E20578815009E33C5 /* Info.plist */,
				EBDD964620578815009E33C5 /* Walmart_iOS.xcdatamodeld */,
			);
			path = "Walmart-iOS";
			sourceTree = "<group>";
		};
		EBDD965620578816009E33C5 /* Walmart-iOSTests */ = {
			isa = PBXGroup;
			children = (
				EBDD965720578816009E33C5 /* Walmart_iOSTests.swift */,
				EBDD965920578816009E33C5 /* Info.plist */,
			);
			path = "Walmart-iOSTests";
			sourceTree = "<group>";
		};
		EBDD966120578816009E33C5 /* Walmart-iOSUITests */ = {
			isa = PBXGroup;
			children = (
				EBDD966220578816009E33C5 /* Walmart_iOSUITests.swift */,
				EBDD966420578816009E33C5 /* Info.plist */,
			);
			path = "Walmart-iOSUITests";
			sourceTree = "<group>";
		};
/* End PBXGroup section */

/* Begin PBXNativeTarget section */
		EBDD963B20578815009E33C5 /* Walmart-iOS */ = {
			isa = PBXNativeTarget;
			buildConfigurationList = EBDD966720578816009E33C5 /* Build configuration list for PBXNativeTarget "Walmart-iOS" */;
			buildPhases = (
				7A4648D0E50EAC7A00FAF867 /* [CP] Check Pods Manifest.lock */,
				EBDD963820578815009E33C5 /* Sources */,
				EBDD963920578815009E33C5 /* Frameworks */,
				EBDD963A20578815009E33C5 /* Resources */,
				C98870A62E7002182494698F /* [CP] Embed Pods Frameworks */,
				AAA3CF591E5062C3E6461DDE /* [CP] Copy Pods Resources */,
			);
			buildRules = (
			);
			dependencies = (
			);
			name = "Walmart-iOS";
			productName = "Walmart-iOS";
			productReference = EBDD963C20578815009E33C5 /* Walmart-iOS.app */;
			productType = "com.apple.product-type.application";
		};
		EBDD965220578816009E33C5 /* Walmart-iOSTests */ = {
			isa = PBXNativeTarget;
			buildConfigurationList = EBDD966A20578816009E33C5 /* Build configuration list for PBXNativeTarget "Walmart-iOSTests" */;
			buildPhases = (
				F86F0BA66A08E524FFDAB40A /* [CP] Check Pods Manifest.lock */,
				EBDD964F20578816009E33C5 /* Sources */,
				EBDD965020578816009E33C5 /* Frameworks */,
				EBDD965120578816009E33C5 /* Resources */,
				88EFECAF1ABE98251B96D5E3 /* [CP] Embed Pods Frameworks */,
				27E2FDB00AEFF0765B424D93 /* [CP] Copy Pods Resources */,
			);
			buildRules = (
			);
			dependencies = (
				EBDD965520578816009E33C5 /* PBXTargetDependency */,
			);
			name = "Walmart-iOSTests";
			productName = "Walmart-iOSTests";
			productReference = EBDD965320578816009E33C5 /* Walmart-iOSTests.xctest */;
			productType = "com.apple.product-type.bundle.unit-test";
		};
		EBDD965D20578816009E33C5 /* Walmart-iOSUITests */ = {
			isa = PBXNativeTarget;
			buildConfigurationList = EBDD966D20578816009E33C5 /* Build configuration list for PBXNativeTarget "Walmart-iOSUITests" */;
			buildPhases = (
				528FC999FD934FCDC31FCD10 /* [CP] Check Pods Manifest.lock */,
				EBDD965A20578816009E33C5 /* Sources */,
				EBDD965B20578816009E33C5 /* Frameworks */,
				EBDD965C20578816009E33C5 /* Resources */,
				0E3F5CABB94FAE15F0AF0A8D /* [CP] Embed Pods Frameworks */,
				ECB6830C17DE7E73E9087DFB /* [CP] Copy Pods Resources */,
			);
			buildRules = (
			);
			dependencies = (
				EBDD966020578816009E33C5 /* PBXTargetDependency */,
			);
			name = "Walmart-iOSUITests";
			productName = "Walmart-iOSUITests";
			productReference = EBDD965E20578816009E33C5 /* Walmart-iOSUITests.xctest */;
			productType = "com.apple.product-type.bundle.ui-testing";
		};
/* End PBXNativeTarget section */

/* Begin PBXProject section */
		EBDD963420578815009E33C5 /* Project object */ = {
			isa = PBXProject;
			attributes = {
				LastSwiftUpdateCheck = 0920;
				LastUpgradeCheck = 0920;
				ORGANIZATIONNAME = TriNgo;
				TargetAttributes = {
					EBDD963B20578815009E33C5 = {
						CreatedOnToolsVersion = 9.2;
						ProvisioningStyle = Automatic;
					};
					EBDD965220578816009E33C5 = {
						CreatedOnToolsVersion = 9.2;
						ProvisioningStyle = Automatic;
						TestTargetID = EBDD963B20578815009E33C5;
					};
					EBDD965D20578816009E33C5 = {
						CreatedOnToolsVersion = 9.2;
						ProvisioningStyle = Automatic;
						TestTargetID = EBDD963B20578815009E33C5;
					};
				};
			};
			buildConfigurationList = EBDD963720578815009E33C5 /* Build configuration list for PBXProject "Walmart-iOS" */;
			compatibilityVersion = "Xcode 8.0";
			developmentRegion = en;
			hasScannedForEncodings = 0;
			knownRegions = (
				en,
				Base,
			);
			mainGroup = EBDD963320578815009E33C5;
			productRefGroup = EBDD963D20578815009E33C5 /* Products */;
			projectDirPath = "";
			projectRoot = "";
			targets = (
				EBDD963B20578815009E33C5 /* Walmart-iOS */,
				EBDD965220578816009E33C5 /* Walmart-iOSTests */,
				EBDD965D20578816009E33C5 /* Walmart-iOSUITests */,
			);
		};
/* End PBXProject section */

/* Begin PBXResourcesBuildPhase section */
		EBDD963A20578815009E33C5 /* Resources */ = {
			isa = PBXResourcesBuildPhase;
			buildActionMask = 2147483647;
			files = (
				EB5B3D3320579278007FABC3 /* products.json in Resources */,
				EBDD964D20578815009E33C5 /* LaunchScreen.storyboard in Resources */,
				EB3D32062063674800B2DB2D /* HeaderCell.xib in Resources */,
				EB5B3D2E20578AA6007FABC3 /* ProductCell.xib in Resources */,
				EB5B3D452057C03F007FABC3 /* CartCell.xib in Resources */,
				EBDD964A20578815009E33C5 /* Assets.xcassets in Resources */,
				EB3D320C20636B5F00B2DB2D /* FooterCell.xib in Resources */,
				EBDD964520578815009E33C5 /* Main.storyboard in Resources */,
			);
			runOnlyForDeploymentPostprocessing = 0;
		};
		EBDD965120578816009E33C5 /* Resources */ = {
			isa = PBXResourcesBuildPhase;
			buildActionMask = 2147483647;
			files = (
			);
			runOnlyForDeploymentPostprocessing = 0;
		};
		EBDD965C20578816009E33C5 /* Resources */ = {
			isa = PBXResourcesBuildPhase;
			buildActionMask = 2147483647;
			files = (
			);
			runOnlyForDeploymentPostprocessing = 0;
		};
/* End PBXResourcesBuildPhase section */

/* Begin PBXShellScriptBuildPhase section */
		0E3F5CABB94FAE15F0AF0A8D /* [CP] Embed Pods Frameworks */ = {
			isa = PBXShellScriptBuildPhase;
			buildActionMask = 2147483647;
			files = (
			);
			inputPaths = (
			);
			name = "[CP] Embed Pods Frameworks";
			outputPaths = (
			);
			runOnlyForDeploymentPostprocessing = 0;
			shellPath = /bin/sh;
			shellScript = "\"${SRCROOT}/Pods/Target Support Files/Pods-Walmart-iOSUITests/Pods-Walmart-iOSUITests-frameworks.sh\"\n";
			showEnvVarsInLog = 0;
		};
		27E2FDB00AEFF0765B424D93 /* [CP] Copy Pods Resources */ = {
			isa = PBXShellScriptBuildPhase;
			buildActionMask = 2147483647;
			files = (
			);
			inputPaths = (
			);
			name = "[CP] Copy Pods Resources";
			outputPaths = (
			);
			runOnlyForDeploymentPostprocessing = 0;
			shellPath = /bin/sh;
			shellScript = "\"${SRCROOT}/Pods/Target Support Files/Pods-Walmart-iOSTests/Pods-Walmart-iOSTests-resources.sh\"\n";
			showEnvVarsInLog = 0;
		};
		528FC999FD934FCDC31FCD10 /* [CP] Check Pods Manifest.lock */ = {
			isa = PBXShellScriptBuildPhase;
			buildActionMask = 2147483647;
			files = (
			);
			inputPaths = (
				"${PODS_PODFILE_DIR_PATH}/Podfile.lock",
				"${PODS_ROOT}/Manifest.lock",
			);
			name = "[CP] Check Pods Manifest.lock";
			outputPaths = (
				"$(DERIVED_FILE_DIR)/Pods-Walmart-iOSUITests-checkManifestLockResult.txt",
			);
			runOnlyForDeploymentPostprocessing = 0;
			shellPath = /bin/sh;
			shellScript = "diff \"${PODS_PODFILE_DIR_PATH}/Podfile.lock\" \"${PODS_ROOT}/Manifest.lock\" > /dev/null\nif [ $? != 0 ] ; then\n    # print error to STDERR\n    echo \"error: The sandbox is not in sync with the Podfile.lock. Run 'pod install' or update your CocoaPods installation.\" >&2\n    exit 1\nfi\n# This output is used by Xcode 'outputs' to avoid re-running this script phase.\necho \"SUCCESS\" > \"${SCRIPT_OUTPUT_FILE_0}\"\n";
			showEnvVarsInLog = 0;
		};
		7A4648D0E50EAC7A00FAF867 /* [CP] Check Pods Manifest.lock */ = {
			isa = PBXShellScriptBuildPhase;
			buildActionMask = 2147483647;
			files = (
			);
			inputPaths = (
				"${PODS_PODFILE_DIR_PATH}/Podfile.lock",
				"${PODS_ROOT}/Manifest.lock",
			);
			name = "[CP] Check Pods Manifest.lock";
			outputPaths = (
				"$(DERIVED_FILE_DIR)/Pods-Walmart-iOS-checkManifestLockResult.txt",
			);
			runOnlyForDeploymentPostprocessing = 0;
			shellPath = /bin/sh;
			shellScript = "diff \"${PODS_PODFILE_DIR_PATH}/Podfile.lock\" \"${PODS_ROOT}/Manifest.lock\" > /dev/null\nif [ $? != 0 ] ; then\n    # print error to STDERR\n    echo \"error: The sandbox is not in sync with the Podfile.lock. Run 'pod install' or update your CocoaPods installation.\" >&2\n    exit 1\nfi\n# This output is used by Xcode 'outputs' to avoid re-running this script phase.\necho \"SUCCESS\" > \"${SCRIPT_OUTPUT_FILE_0}\"\n";
			showEnvVarsInLog = 0;
		};
		88EFECAF1ABE98251B96D5E3 /* [CP] Embed Pods Frameworks */ = {
			isa = PBXShellScriptBuildPhase;
			buildActionMask = 2147483647;
			files = (
			);
			inputPaths = (
			);
			name = "[CP] Embed Pods Frameworks";
			outputPaths = (
			);
			runOnlyForDeploymentPostprocessing = 0;
			shellPath = /bin/sh;
			shellScript = "\"${SRCROOT}/Pods/Target Support Files/Pods-Walmart-iOSTests/Pods-Walmart-iOSTests-frameworks.sh\"\n";
			showEnvVarsInLog = 0;
		};
		AAA3CF591E5062C3E6461DDE /* [CP] Copy Pods Resources */ = {
			isa = PBXShellScriptBuildPhase;
			buildActionMask = 2147483647;
			files = (
			);
			inputPaths = (
			);
			name = "[CP] Copy Pods Resources";
			outputPaths = (
			);
			runOnlyForDeploymentPostprocessing = 0;
			shellPath = /bin/sh;
			shellScript = "\"${SRCROOT}/Pods/Target Support Files/Pods-Walmart-iOS/Pods-Walmart-iOS-resources.sh\"\n";
			showEnvVarsInLog = 0;
		};
		C98870A62E7002182494698F /* [CP] Embed Pods Frameworks */ = {
			isa = PBXShellScriptBuildPhase;
			buildActionMask = 2147483647;
			files = (
			);
			inputPaths = (
				"${SRCROOT}/Pods/Target Support Files/Pods-Walmart-iOS/Pods-Walmart-iOS-frameworks.sh",
				"${BUILT_PRODUCTS_DIR}/Alamofire/Alamofire.framework",
				"${BUILT_PRODUCTS_DIR}/AlamofireImage/AlamofireImage.framework",
				"${BUILT_PRODUCTS_DIR}/ObjectMapper/ObjectMapper.framework",
			);
			name = "[CP] Embed Pods Frameworks";
			outputPaths = (
				"${TARGET_BUILD_DIR}/${FRAMEWORKS_FOLDER_PATH}/Alamofire.framework",
				"${TARGET_BUILD_DIR}/${FRAMEWORKS_FOLDER_PATH}/AlamofireImage.framework",
				"${TARGET_BUILD_DIR}/${FRAMEWORKS_FOLDER_PATH}/ObjectMapper.framework",
			);
			runOnlyForDeploymentPostprocessing = 0;
			shellPath = /bin/sh;
			shellScript = "\"${SRCROOT}/Pods/Target Support Files/Pods-Walmart-iOS/Pods-Walmart-iOS-frameworks.sh\"\n";
			showEnvVarsInLog = 0;
		};
		ECB6830C17DE7E73E9087DFB /* [CP] Copy Pods Resources */ = {
			isa = PBXShellScriptBuildPhase;
			buildActionMask = 2147483647;
			files = (
			);
			inputPaths = (
			);
			name = "[CP] Copy Pods Resources";
			outputPaths = (
			);
			runOnlyForDeploymentPostprocessing = 0;
			shellPath = /bin/sh;
			shellScript = "\"${SRCROOT}/Pods/Target Support Files/Pods-Walmart-iOSUITests/Pods-Walmart-iOSUITests-resources.sh\"\n";
			showEnvVarsInLog = 0;
		};
		F86F0BA66A08E524FFDAB40A /* [CP] Check Pods Manifest.lock */ = {
			isa = PBXShellScriptBuildPhase;
			buildActionMask = 2147483647;
			files = (
			);
			inputPaths = (
				"${PODS_PODFILE_DIR_PATH}/Podfile.lock",
				"${PODS_ROOT}/Manifest.lock",
			);
			name = "[CP] Check Pods Manifest.lock";
			outputPaths = (
				"$(DERIVED_FILE_DIR)/Pods-Walmart-iOSTests-checkManifestLockResult.txt",
			);
			runOnlyForDeploymentPostprocessing = 0;
			shellPath = /bin/sh;
			shellScript = "diff \"${PODS_PODFILE_DIR_PATH}/Podfile.lock\" \"${PODS_ROOT}/Manifest.lock\" > /dev/null\nif [ $? != 0 ] ; then\n    # print error to STDERR\n    echo \"error: The sandbox is not in sync with the Podfile.lock. Run 'pod install' or update your CocoaPods installation.\" >&2\n    exit 1\nfi\n# This output is used by Xcode 'outputs' to avoid re-running this script phase.\necho \"SUCCESS\" > \"${SCRIPT_OUTPUT_FILE_0}\"\n";
			showEnvVarsInLog = 0;
		};
/* End PBXShellScriptBuildPhase section */

/* Begin PBXSourcesBuildPhase section */
		EBDD963820578815009E33C5 /* Sources */ = {
			isa = PBXSourcesBuildPhase;
			buildActionMask = 2147483647;
			files = (
				EB5B3D2820578A59007FABC3 /* ProductViewController.swift in Sources */,
				EB5B3D3A20579DFA007FABC3 /* ThankViewController.swift in Sources */,
				EB5B3D2D20578AA6007FABC3 /* ProductCell.swift in Sources */,
				EB5B3D47205839AD007FABC3 /* ProductNavigationController.swift in Sources */,
				EB3D320220635CA600B2DB2D /* UIView+Ext.swift in Sources */,
				EBDD964820578815009E33C5 /* Walmart_iOS.xcdatamodeld in Sources */,
				EB3D32052063674800B2DB2D /* HeaderCell.swift in Sources */,
				EB5B3D442057C03F007FABC3 /* CartCell.swift in Sources */,
				EBDD964020578815009E33C5 /* AppDelegate.swift in Sources */,
				EB5B3D312057923F007FABC3 /* StubResponse.swift in Sources */,
				EB3D320B20636B5F00B2DB2D /* FooterCell.swift in Sources */,
				EB5B3D3520579368007FABC3 /* Product.swift in Sources */,
				EB5B3D3D20579E65007FABC3 /* CartViewController.swift in Sources */,
				EB5B3D4020579EDF007FABC3 /* CheckoutViewController.swift in Sources */,
				EB5B3D3720579517007FABC3 /* ProductResponse.swift in Sources */,
			);
			runOnlyForDeploymentPostprocessing = 0;
		};
		EBDD964F20578816009E33C5 /* Sources */ = {
			isa = PBXSourcesBuildPhase;
			buildActionMask = 2147483647;
			files = (
				EBDD965820578816009E33C5 /* Walmart_iOSTests.swift in Sources */,
			);
			runOnlyForDeploymentPostprocessing = 0;
		};
		EBDD965A20578816009E33C5 /* Sources */ = {
			isa = PBXSourcesBuildPhase;
			buildActionMask = 2147483647;
			files = (
				EBDD966320578816009E33C5 /* Walmart_iOSUITests.swift in Sources */,
			);
			runOnlyForDeploymentPostprocessing = 0;
		};
/* End PBXSourcesBuildPhase section */

/* Begin PBXTargetDependency section */
		EBDD965520578816009E33C5 /* PBXTargetDependency */ = {
			isa = PBXTargetDependency;
			target = EBDD963B20578815009E33C5 /* Walmart-iOS */;
			targetProxy = EBDD965420578816009E33C5 /* PBXContainerItemProxy */;
		};
		EBDD966020578816009E33C5 /* PBXTargetDependency */ = {
			isa = PBXTargetDependency;
			target = EBDD963B20578815009E33C5 /* Walmart-iOS */;
			targetProxy = EBDD965F20578816009E33C5 /* PBXContainerItemProxy */;
		};
/* End PBXTargetDependency section */

/* Begin PBXVariantGroup section */
		EBDD964320578815009E33C5 /* Main.storyboard */ = {
			isa = PBXVariantGroup;
			children = (
				EBDD964420578815009E33C5 /* Base */,
			);
			name = Main.storyboard;
			sourceTree = "<group>";
		};
		EBDD964B20578815009E33C5 /* LaunchScreen.storyboard */ = {
			isa = PBXVariantGroup;
			children = (
				EBDD964C20578815009E33C5 /* Base */,
			);
			name = LaunchScreen.storyboard;
			sourceTree = "<group>";
		};
/* End PBXVariantGroup section */

/* Begin XCBuildConfiguration section */
		EBDD966520578816009E33C5 /* Debug */ = {
			isa = XCBuildConfiguration;
			buildSettings = {
				ALWAYS_SEARCH_USER_PATHS = NO;
				CLANG_ANALYZER_NONNULL = YES;
				CLANG_ANALYZER_NUMBER_OBJECT_CONVERSION = YES_AGGRESSIVE;
				CLANG_CXX_LANGUAGE_STANDARD = "gnu++14";
				CLANG_CXX_LIBRARY = "libc++";
				CLANG_ENABLE_MODULES = YES;
				CLANG_ENABLE_OBJC_ARC = YES;
				CLANG_WARN_BLOCK_CAPTURE_AUTORELEASING = YES;
				CLANG_WARN_BOOL_CONVERSION = YES;
				CLANG_WARN_COMMA = YES;
				CLANG_WARN_CONSTANT_CONVERSION = YES;
				CLANG_WARN_DIRECT_OBJC_ISA_USAGE = YES_ERROR;
				CLANG_WARN_DOCUMENTATION_COMMENTS = YES;
				CLANG_WARN_EMPTY_BODY = YES;
				CLANG_WARN_ENUM_CONVERSION = YES;
				CLANG_WARN_INFINITE_RECURSION = YES;
				CLANG_WARN_INT_CONVERSION = YES;
				CLANG_WARN_NON_LITERAL_NULL_CONVERSION = YES;
				CLANG_WARN_OBJC_LITERAL_CONVERSION = YES;
				CLANG_WARN_OBJC_ROOT_CLASS = YES_ERROR;
				CLANG_WARN_RANGE_LOOP_ANALYSIS = YES;
				CLANG_WARN_STRICT_PROTOTYPES = YES;
				CLANG_WARN_SUSPICIOUS_MOVE = YES;
				CLANG_WARN_UNGUARDED_AVAILABILITY = YES_AGGRESSIVE;
				CLANG_WARN_UNREACHABLE_CODE = YES;
				CLANG_WARN__DUPLICATE_METHOD_MATCH = YES;
				CODE_SIGN_IDENTITY = "iPhone Developer";
				COPY_PHASE_STRIP = NO;
				DEBUG_INFORMATION_FORMAT = dwarf;
				ENABLE_STRICT_OBJC_MSGSEND = YES;
				ENABLE_TESTABILITY = YES;
				GCC_C_LANGUAGE_STANDARD = gnu11;
				GCC_DYNAMIC_NO_PIC = NO;
				GCC_NO_COMMON_BLOCKS = YES;
				GCC_OPTIMIZATION_LEVEL = 0;
				GCC_PREPROCESSOR_DEFINITIONS = (
					"DEBUG=1",
					"$(inherited)",
				);
				GCC_WARN_64_TO_32_BIT_CONVERSION = YES;
				GCC_WARN_ABOUT_RETURN_TYPE = YES_ERROR;
				GCC_WARN_UNDECLARED_SELECTOR = YES;
				GCC_WARN_UNINITIALIZED_AUTOS = YES_AGGRESSIVE;
				GCC_WARN_UNUSED_FUNCTION = YES;
				GCC_WARN_UNUSED_VARIABLE = YES;
				IPHONEOS_DEPLOYMENT_TARGET = 11.2;
				MTL_ENABLE_DEBUG_INFO = YES;
				ONLY_ACTIVE_ARCH = YES;
				SDKROOT = iphoneos;
				SWIFT_ACTIVE_COMPILATION_CONDITIONS = DEBUG;
				SWIFT_OPTIMIZATION_LEVEL = "-Onone";
			};
			name = Debug;
		};
		EBDD966620578816009E33C5 /* Release */ = {
			isa = XCBuildConfiguration;
			buildSettings = {
				ALWAYS_SEARCH_USER_PATHS = NO;
				CLANG_ANALYZER_NONNULL = YES;
				CLANG_ANALYZER_NUMBER_OBJECT_CONVERSION = YES_AGGRESSIVE;
				CLANG_CXX_LANGUAGE_STANDARD = "gnu++14";
				CLANG_CXX_LIBRARY = "libc++";
				CLANG_ENABLE_MODULES = YES;
				CLANG_ENABLE_OBJC_ARC = YES;
				CLANG_WARN_BLOCK_CAPTURE_AUTORELEASING = YES;
				CLANG_WARN_BOOL_CONVERSION = YES;
				CLANG_WARN_COMMA = YES;
				CLANG_WARN_CONSTANT_CONVERSION = YES;
				CLANG_WARN_DIRECT_OBJC_ISA_USAGE = YES_ERROR;
				CLANG_WARN_DOCUMENTATION_COMMENTS = YES;
				CLANG_WARN_EMPTY_BODY = YES;
				CLANG_WARN_ENUM_CONVERSION = YES;
				CLANG_WARN_INFINITE_RECURSION = YES;
				CLANG_WARN_INT_CONVERSION = YES;
				CLANG_WARN_NON_LITERAL_NULL_CONVERSION = YES;
				CLANG_WARN_OBJC_LITERAL_CONVERSION = YES;
				CLANG_WARN_OBJC_ROOT_CLASS = YES_ERROR;
				CLANG_WARN_RANGE_LOOP_ANALYSIS = YES;
				CLANG_WARN_STRICT_PROTOTYPES = YES;
				CLANG_WARN_SUSPICIOUS_MOVE = YES;
				CLANG_WARN_UNGUARDED_AVAILABILITY = YES_AGGRESSIVE;
				CLANG_WARN_UNREACHABLE_CODE = YES;
				CLANG_WARN__DUPLICATE_METHOD_MATCH = YES;
				CODE_SIGN_IDENTITY = "iPhone Developer";
				COPY_PHASE_STRIP = NO;
				DEBUG_INFORMATION_FORMAT = "dwarf-with-dsym";
				ENABLE_NS_ASSERTIONS = NO;
				ENABLE_STRICT_OBJC_MSGSEND = YES;
				GCC_C_LANGUAGE_STANDARD = gnu11;
				GCC_NO_COMMON_BLOCKS = YES;
				GCC_WARN_64_TO_32_BIT_CONVERSION = YES;
				GCC_WARN_ABOUT_RETURN_TYPE = YES_ERROR;
				GCC_WARN_UNDECLARED_SELECTOR = YES;
				GCC_WARN_UNINITIALIZED_AUTOS = YES_AGGRESSIVE;
				GCC_WARN_UNUSED_FUNCTION = YES;
				GCC_WARN_UNUSED_VARIABLE = YES;
				IPHONEOS_DEPLOYMENT_TARGET = 11.2;
				MTL_ENABLE_DEBUG_INFO = NO;
				SDKROOT = iphoneos;
				SWIFT_OPTIMIZATION_LEVEL = "-Owholemodule";
				VALIDATE_PRODUCT = YES;
			};
			name = Release;
		};
		EBDD966820578816009E33C5 /* Debug */ = {
			isa = XCBuildConfiguration;
			baseConfigurationReference = E1BFF0043670457695B19E9B /* Pods-Walmart-iOS.debug.xcconfig */;
			buildSettings = {
				ASSETCATALOG_COMPILER_APPICON_NAME = AppIcon;
				CODE_SIGN_STYLE = Automatic;
				DEVELOPMENT_TEAM = QWZQFWGZMG;
				INFOPLIST_FILE = "Walmart-iOS/Info.plist";
				IPHONEOS_DEPLOYMENT_TARGET = 10.0;
				LD_RUNPATH_SEARCH_PATHS = "$(inherited) @executable_path/Frameworks";
				PRODUCT_BUNDLE_IDENTIFIER = "com.coderschool.Walmart-iOS";
				PRODUCT_NAME = "$(TARGET_NAME)";
				SWIFT_VERSION = 4.0;
				TARGETED_DEVICE_FAMILY = "1,2";
			};
			name = Debug;
		};
		EBDD966920578816009E33C5 /* Release */ = {
			isa = XCBuildConfiguration;
			baseConfigurationReference = F8760BE5E2020F684ECAB1C6 /* Pods-Walmart-iOS.release.xcconfig */;
			buildSettings = {
				ASSETCATALOG_COMPILER_APPICON_NAME = AppIcon;
				CODE_SIGN_STYLE = Automatic;
				DEVELOPMENT_TEAM = QWZQFWGZMG;
				INFOPLIST_FILE = "Walmart-iOS/Info.plist";
				IPHONEOS_DEPLOYMENT_TARGET = 10.0;
				LD_RUNPATH_SEARCH_PATHS = "$(inherited) @executable_path/Frameworks";
				PRODUCT_BUNDLE_IDENTIFIER = "com.coderschool.Walmart-iOS";
				PRODUCT_NAME = "$(TARGET_NAME)";
				SWIFT_VERSION = 4.0;
				TARGETED_DEVICE_FAMILY = "1,2";
			};
			name = Release;
		};
		EBDD966B20578816009E33C5 /* Debug */ = {
			isa = XCBuildConfiguration;
			baseConfigurationReference = 15335C781AB61EFE139A6EDE /* Pods-Walmart-iOSTests.debug.xcconfig */;
			buildSettings = {
				ALWAYS_EMBED_SWIFT_STANDARD_LIBRARIES = YES;
				BUNDLE_LOADER = "$(TEST_HOST)";
				CODE_SIGN_STYLE = Automatic;
				DEVELOPMENT_TEAM = QWZQFWGZMG;
				INFOPLIST_FILE = "Walmart-iOSTests/Info.plist";
				LD_RUNPATH_SEARCH_PATHS = "$(inherited) @executable_path/Frameworks @loader_path/Frameworks";
				PRODUCT_BUNDLE_IDENTIFIER = "com.coderschool.Walmart-iOSTests";
				PRODUCT_NAME = "$(TARGET_NAME)";
				SWIFT_VERSION = 4.0;
				TARGETED_DEVICE_FAMILY = "1,2";
				TEST_HOST = "$(BUILT_PRODUCTS_DIR)/Walmart-iOS.app/Walmart-iOS";
			};
			name = Debug;
		};
		EBDD966C20578816009E33C5 /* Release */ = {
			isa = XCBuildConfiguration;
			baseConfigurationReference = 62CAD06B59016705961CCFC6 /* Pods-Walmart-iOSTests.release.xcconfig */;
			buildSettings = {
				ALWAYS_EMBED_SWIFT_STANDARD_LIBRARIES = YES;
				BUNDLE_LOADER = "$(TEST_HOST)";
				CODE_SIGN_STYLE = Automatic;
				DEVELOPMENT_TEAM = QWZQFWGZMG;
				INFOPLIST_FILE = "Walmart-iOSTests/Info.plist";
				LD_RUNPATH_SEARCH_PATHS = "$(inherited) @executable_path/Frameworks @loader_path/Frameworks";
				PRODUCT_BUNDLE_IDENTIFIER = "com.coderschool.Walmart-iOSTests";
				PRODUCT_NAME = "$(TARGET_NAME)";
				SWIFT_VERSION = 4.0;
				TARGETED_DEVICE_FAMILY = "1,2";
				TEST_HOST = "$(BUILT_PRODUCTS_DIR)/Walmart-iOS.app/Walmart-iOS";
			};
			name = Release;
		};
		EBDD966E20578816009E33C5 /* Debug */ = {
			isa = XCBuildConfiguration;
			baseConfigurationReference = E5FA39AA0246D5E75451CCDA /* Pods-Walmart-iOSUITests.debug.xcconfig */;
			buildSettings = {
				ALWAYS_EMBED_SWIFT_STANDARD_LIBRARIES = YES;
				CODE_SIGN_STYLE = Automatic;
				DEVELOPMENT_TEAM = QWZQFWGZMG;
				INFOPLIST_FILE = "Walmart-iOSUITests/Info.plist";
				LD_RUNPATH_SEARCH_PATHS = "$(inherited) @executable_path/Frameworks @loader_path/Frameworks";
				PRODUCT_BUNDLE_IDENTIFIER = "com.coderschool.Walmart-iOSUITests";
				PRODUCT_NAME = "$(TARGET_NAME)";
				SWIFT_VERSION = 4.0;
				TARGETED_DEVICE_FAMILY = "1,2";
				TEST_TARGET_NAME = "Walmart-iOS";
			};
			name = Debug;
		};
		EBDD966F20578816009E33C5 /* Release */ = {
			isa = XCBuildConfiguration;
			baseConfigurationReference = D64AD5BD374331795E9A911E /* Pods-Walmart-iOSUITests.release.xcconfig */;
			buildSettings = {
				ALWAYS_EMBED_SWIFT_STANDARD_LIBRARIES = YES;
				CODE_SIGN_STYLE = Automatic;
				DEVELOPMENT_TEAM = QWZQFWGZMG;
				INFOPLIST_FILE = "Walmart-iOSUITests/Info.plist";
				LD_RUNPATH_SEARCH_PATHS = "$(inherited) @executable_path/Frameworks @loader_path/Frameworks";
				PRODUCT_BUNDLE_IDENTIFIER = "com.coderschool.Walmart-iOSUITests";
				PRODUCT_NAME = "$(TARGET_NAME)";
				SWIFT_VERSION = 4.0;
				TARGETED_DEVICE_FAMILY = "1,2";
				TEST_TARGET_NAME = "Walmart-iOS";
			};
			name = Release;
		};
/* End XCBuildConfiguration section */

/* Begin XCConfigurationList section */
		EBDD963720578815009E33C5 /* Build configuration list for PBXProject "Walmart-iOS" */ = {
			isa = XCConfigurationList;
			buildConfigurations = (
				EBDD966520578816009E33C5 /* Debug */,
				EBDD966620578816009E33C5 /* Release */,
			);
			defaultConfigurationIsVisible = 0;
			defaultConfigurationName = Release;
		};
		EBDD966720578816009E33C5 /* Build configuration list for PBXNativeTarget "Walmart-iOS" */ = {
			isa = XCConfigurationList;
			buildConfigurations = (
				EBDD966820578816009E33C5 /* Debug */,
				EBDD966920578816009E33C5 /* Release */,
			);
			defaultConfigurationIsVisible = 0;
			defaultConfigurationName = Release;
		};
		EBDD966A20578816009E33C5 /* Build configuration list for PBXNativeTarget "Walmart-iOSTests" */ = {
			isa = XCConfigurationList;
			buildConfigurations = (
				EBDD966B20578816009E33C5 /* Debug */,
				EBDD966C20578816009E33C5 /* Release */,
			);
			defaultConfigurationIsVisible = 0;
			defaultConfigurationName = Release;
		};
		EBDD966D20578816009E33C5 /* Build configuration list for PBXNativeTarget "Walmart-iOSUITests" */ = {
			isa = XCConfigurationList;
			buildConfigurations = (
				EBDD966E20578816009E33C5 /* Debug */,
				EBDD966F20578816009E33C5 /* Release */,
			);
			defaultConfigurationIsVisible = 0;
			defaultConfigurationName = Release;
		};
/* End XCConfigurationList section */

/* Begin XCVersionGroup section */
		EBDD964620578815009E33C5 /* Walmart_iOS.xcdatamodeld */ = {
			isa = XCVersionGroup;
			children = (
				EBDD964720578815009E33C5 /* Walmart_iOS.xcdatamodel */,
			);
			currentVersion = EBDD964720578815009E33C5 /* Walmart_iOS.xcdatamodel */;
			path = Walmart_iOS.xcdatamodeld;
			sourceTree = "<group>";
			versionGroupType = wrapper.xcdatamodel;
		};
/* End XCVersionGroup section */
	};
	rootObject = EBDD963420578815009E33C5 /* Project object */;
}
